
Microsoft Visual Studio Solution File, Format Version 12.00
# Visual Studio Version 16
VisualStudioVersion = 16.0.33130.400
MinimumVisualStudioVersion = 10.0.40219.1
Project("{FAE04EC0-301F-11D3-BF4B-00C04F79EFBC}") = "Example", "Example\Example.csproj", "{8AACE17F-723D-4BC5-9053-4768C68D3D9D}"
EndProject
Global
	GlobalSection(SolutionConfigurationPlatforms) = preSolution
		Debug|Any CPU = Debug|Any CPU
		Release|Any CPU = Release|Any CPU
	EndGlobalSection
	GlobalSection(ProjectConfigurationPlatforms) = postSolution
		{8AACE17F-723D-4BC5-9053-4768C68D3D9D}.Debug|Any CPU.ActiveCfg = Debug|Any CPU
		{8AACE17F-723D-4BC5-9053-4768C68D3D9D}.Debug|Any CPU.Build.0 = Debug|Any CPU
		{8AACE17F-723D-4BC5-9053-4768C68D3D9D}.Release|Any CPU.ActiveCfg = Release|Any CPU
		{8AACE17F-723D-4BC5-9053-4768C68D3D9D}.Release|Any CPU.Build.0 = Release|Any CPU
	EndGlobalSection
	GlobalSection(SolutionProperties) = preSolution
		HideSolutionNode = FALSE
	EndGlobalSection
	GlobalSection(ExtensibilityGlobals) = postSolution
		SolutionGuid = {BB337417-C10E-4750-9C19-CCE083EBA390}
	EndGlobalSection
EndGlobal
